
Microsoft Visual Studio Solution File, Format Version 12.00
# Visual Studio Version 17
VisualStudioVersion = 17.9.34728.123
MinimumVisualStudioVersion = 10.0.40219.1
Project("{FAE04EC0-301F-11D3-BF4B-00C04F79EFBC}") = "first razor", "first razor.csproj", "{53F2ADBA-E78C-49A6-AE0B-825C26B0E5D0}"
EndProject
Global
	GlobalSection(SolutionConfigurationPlatforms) = preSolution
		Debug|Any CPU = Debug|Any CPU
		Release|Any CPU = Release|Any CPU
	EndGlobalSection
	GlobalSection(ProjectConfigurationPlatforms) = postSolution
		{53F2ADBA-E78C-49A6-AE0B-825C26B0E5D0}.Debug|Any CPU.ActiveCfg = Debug|Any CPU
		{53F2ADBA-E78C-49A6-AE0B-825C26B0E5D0}.Debug|Any CPU.Build.0 = Debug|Any CPU
		{53F2ADBA-E78C-49A6-AE0B-825C26B0E5D0}.Release|Any CPU.ActiveCfg = Release|Any CPU
		{53F2ADBA-E78C-49A6-AE0B-825C26B0E5D0}.Release|Any CPU.Build.0 = Release|Any CPU
	EndGlobalSection
	GlobalSection(SolutionProperties) = preSolution
		HideSolutionNode = FALSE
	EndGlobalSection
	GlobalSection(ExtensibilityGlobals) = postSolution
		SolutionGuid = {66986D23-8FFF-40FA-991B-5250596DBF5E}
	EndGlobalSection
EndGlobal
